// !$*UTF8*$!
{
	archiveVersion = 1;
	classes = {
	};
	objectVersion = 46;
	objects = {

/* Begin PBXBuildFile section */
		03DE67F0385E2C7AACFFE749 /* Pods_Close_FriendUITests.framework in Frameworks */ = {isa = PBXBuildFile; fileRef = 561B1A4B33BC776CAF237D21 /* Pods_Close_FriendUITests.framework */; };
		0DA1348D000ECE5CE9068B7A /* Pods_Close_FriendTests.framework in Frameworks */ = {isa = PBXBuildFile; fileRef = 197DF4BBF359BE080FF0566A /* Pods_Close_FriendTests.framework */; };
		B37575F15A8FCCA7E1B165F2 /* Pods_Close_Friend.framework in Frameworks */ = {isa = PBXBuildFile; fileRef = 17727AE9FD958F6E34460A09 /* Pods_Close_Friend.framework */; };
		CE32796E1F2F8C3600425D07 /* Main.storyboard in Resources */ = {isa = PBXBuildFile; fileRef = CE32796C1F2F8C3600425D07 /* Main.storyboard */; };
		CE3851B11F3A4A77002DD474 /* NotificationCell.swift in Sources */ = {isa = PBXBuildFile; fileRef = CE3851AF1F3A4A77002DD474 /* NotificationCell.swift */; };
		CE3851B21F3A4A77002DD474 /* NotificationCell.xib in Resources */ = {isa = PBXBuildFile; fileRef = CE3851B01F3A4A77002DD474 /* NotificationCell.xib */; };
		CE3851B91F3E901F002DD474 /* ContactViewCell.swift in Sources */ = {isa = PBXBuildFile; fileRef = CE3851B71F3E901F002DD474 /* ContactViewCell.swift */; };
		CE3851BA1F3E901F002DD474 /* ContactViewCell.xib in Resources */ = {isa = PBXBuildFile; fileRef = CE3851B81F3E901F002DD474 /* ContactViewCell.xib */; };
		CE3851BE1F3F9FF2002DD474 /* CloseFriends.xcdatamodeld in Sources */ = {isa = PBXBuildFile; fileRef = CE3851BC1F3F9FF2002DD474 /* CloseFriends.xcdatamodeld */; };
		CE892F8F1F4629760095089D /* Enums+Globals.swift in Sources */ = {isa = PBXBuildFile; fileRef = CE892F8E1F4629760095089D /* Enums+Globals.swift */; };
		CE892F931F4666700095089D /* ContactNotification.swift in Sources */ = {isa = PBXBuildFile; fileRef = CE892F921F4666700095089D /* ContactNotification.swift */; };
		CEAC03A71F2BF63D00A4B37A /* AppDelegate.swift in Sources */ = {isa = PBXBuildFile; fileRef = CEAC03A61F2BF63D00A4B37A /* AppDelegate.swift */; };
		CEAC03A91F2BF63D00A4B37A /* ImportedContactsVC.swift in Sources */ = {isa = PBXBuildFile; fileRef = CEAC03A81F2BF63D00A4B37A /* ImportedContactsVC.swift */; };
		CEAC03AE1F2BF63D00A4B37A /* Assets.xcassets in Resources */ = {isa = PBXBuildFile; fileRef = CEAC03AD1F2BF63D00A4B37A /* Assets.xcassets */; };
		CEAC03B11F2BF63D00A4B37A /* LaunchScreen.storyboard in Resources */ = {isa = PBXBuildFile; fileRef = CEAC03AF1F2BF63D00A4B37A /* LaunchScreen.storyboard */; };
		CEAC03BC1F2BF63D00A4B37A /* Close_FriendTests.swift in Sources */ = {isa = PBXBuildFile; fileRef = CEAC03BB1F2BF63D00A4B37A /* Close_FriendTests.swift */; };
		CEAC03C71F2BF63D00A4B37A /* Close_FriendUITests.swift in Sources */ = {isa = PBXBuildFile; fileRef = CEAC03C61F2BF63D00A4B37A /* Close_FriendUITests.swift */; };
		CEAD71ED1F337D1B00ED9DF7 /* CopyableUILabel.swift in Sources */ = {isa = PBXBuildFile; fileRef = CEAD71EC1F337D1B00ED9DF7 /* CopyableUILabel.swift */; };
		CEAD71EF1F34268A00ED9DF7 /* NotificationsVC.swift in Sources */ = {isa = PBXBuildFile; fileRef = CEAD71EE1F34268A00ED9DF7 /* NotificationsVC.swift */; };
		CEB350B11F2C16750003B48D /* SettingsVC.swift in Sources */ = {isa = PBXBuildFile; fileRef = CEB350B01F2C16750003B48D /* SettingsVC.swift */; };
		CEE509671F5503980027F0CD /* UIImage+resize.swift in Sources */ = {isa = PBXBuildFile; fileRef = CEE509661F5503980027F0CD /* UIImage+resize.swift */; };
		CEE509691F55C5800027F0CD /* SearchFiltered.swift in Sources */ = {isa = PBXBuildFile; fileRef = CEE509681F55C5800027F0CD /* SearchFiltered.swift */; };
/* End PBXBuildFile section */

/* Begin PBXContainerItemProxy section */
		CEAC03B81F2BF63D00A4B37A /* PBXContainerItemProxy */ = {
			isa = PBXContainerItemProxy;
			containerPortal = CEAC039B1F2BF63D00A4B37A /* Project object */;
			proxyType = 1;
			remoteGlobalIDString = CEAC03A21F2BF63D00A4B37A;
			remoteInfo = "Close Friend";
		};
		CEAC03C31F2BF63D00A4B37A /* PBXContainerItemProxy */ = {
			isa = PBXContainerItemProxy;
			containerPortal = CEAC039B1F2BF63D00A4B37A /* Project object */;
			proxyType = 1;
			remoteGlobalIDString = CEAC03A21F2BF63D00A4B37A;
			remoteInfo = "Close Friend";
		};
/* End PBXContainerItemProxy section */

/* Begin PBXFileReference section */
		15FB25592305739DD3E17755 /* Pods-Close FriendTests.debug.xcconfig */ = {isa = PBXFileReference; includeInIndex = 1; lastKnownFileType = text.xcconfig; name = "Pods-Close FriendTests.debug.xcconfig"; path = "Pods/Target Support Files/Pods-Close FriendTests/Pods-Close FriendTests.debug.xcconfig"; sourceTree = "<group>"; };
		17727AE9FD958F6E34460A09 /* Pods_Close_Friend.framework */ = {isa = PBXFileReference; explicitFileType = wrapper.framework; includeInIndex = 0; path = Pods_Close_Friend.framework; sourceTree = BUILT_PRODUCTS_DIR; };
		197DF4BBF359BE080FF0566A /* Pods_Close_FriendTests.framework */ = {isa = PBXFileReference; explicitFileType = wrapper.framework; includeInIndex = 0; path = Pods_Close_FriendTests.framework; sourceTree = BUILT_PRODUCTS_DIR; };
		2227DC643BECF753ACC9F791 /* Pods-Close FriendUITests.debug.xcconfig */ = {isa = PBXFileReference; includeInIndex = 1; lastKnownFileType = text.xcconfig; name = "Pods-Close FriendUITests.debug.xcconfig"; path = "Pods/Target Support Files/Pods-Close FriendUITests/Pods-Close FriendUITests.debug.xcconfig"; sourceTree = "<group>"; };
		561B1A4B33BC776CAF237D21 /* Pods_Close_FriendUITests.framework */ = {isa = PBXFileReference; explicitFileType = wrapper.framework; includeInIndex = 0; path = Pods_Close_FriendUITests.framework; sourceTree = BUILT_PRODUCTS_DIR; };
		5D30D4FED5FDC4C22246D504 /* Pods-Close FriendUITests.release.xcconfig */ = {isa = PBXFileReference; includeInIndex = 1; lastKnownFileType = text.xcconfig; name = "Pods-Close FriendUITests.release.xcconfig"; path = "Pods/Target Support Files/Pods-Close FriendUITests/Pods-Close FriendUITests.release.xcconfig"; sourceTree = "<group>"; };
		78052292C473C8F7ACA2CF8B /* Pods-Close Friend.release.xcconfig */ = {isa = PBXFileReference; includeInIndex = 1; lastKnownFileType = text.xcconfig; name = "Pods-Close Friend.release.xcconfig"; path = "Pods/Target Support Files/Pods-Close Friend/Pods-Close Friend.release.xcconfig"; sourceTree = "<group>"; };
		83CA61AA4D0971ECBE07F108 /* Pods-Close FriendTests.release.xcconfig */ = {isa = PBXFileReference; includeInIndex = 1; lastKnownFileType = text.xcconfig; name = "Pods-Close FriendTests.release.xcconfig"; path = "Pods/Target Support Files/Pods-Close FriendTests/Pods-Close FriendTests.release.xcconfig"; sourceTree = "<group>"; };
		A96FBAD02A642ADF5126A78B /* Pods-Close Friend.debug.xcconfig */ = {isa = PBXFileReference; includeInIndex = 1; lastKnownFileType = text.xcconfig; name = "Pods-Close Friend.debug.xcconfig"; path = "Pods/Target Support Files/Pods-Close Friend/Pods-Close Friend.debug.xcconfig"; sourceTree = "<group>"; };
		CE32796D1F2F8C3600425D07 /* Base */ = {isa = PBXFileReference; lastKnownFileType = file.storyboard; name = Base; path = Base.lproj/Main.storyboard; sourceTree = "<group>"; };
		CE3851AF1F3A4A77002DD474 /* NotificationCell.swift */ = {isa = PBXFileReference; fileEncoding = 4; lastKnownFileType = sourcecode.swift; path = NotificationCell.swift; sourceTree = "<group>"; };
		CE3851B01F3A4A77002DD474 /* NotificationCell.xib */ = {isa = PBXFileReference; fileEncoding = 4; lastKnownFileType = file.xib; path = NotificationCell.xib; sourceTree = "<group>"; };
		CE3851B71F3E901F002DD474 /* ContactViewCell.swift */ = {isa = PBXFileReference; fileEncoding = 4; lastKnownFileType = sourcecode.swift; path = ContactViewCell.swift; sourceTree = "<group>"; };
		CE3851B81F3E901F002DD474 /* ContactViewCell.xib */ = {isa = PBXFileReference; fileEncoding = 4; lastKnownFileType = file.xib; path = ContactViewCell.xib; sourceTree = "<group>"; };
		CE3851BD1F3F9FF2002DD474 /* CloseFriends.xcdatamodel */ = {isa = PBXFileReference; lastKnownFileType = wrapper.xcdatamodel; path = CloseFriends.xcdatamodel; sourceTree = "<group>"; };
		CE892F8E1F4629760095089D /* Enums+Globals.swift */ = {isa = PBXFileReference; fileEncoding = 4; lastKnownFileType = sourcecode.swift; path = "Enums+Globals.swift"; sourceTree = "<group>"; };
		CE892F921F4666700095089D /* ContactNotification.swift */ = {isa = PBXFileReference; fileEncoding = 4; lastKnownFileType = sourcecode.swift; path = ContactNotification.swift; sourceTree = "<group>"; };
		CEAC03A31F2BF63D00A4B37A /* Close Friend.app */ = {isa = PBXFileReference; explicitFileType = wrapper.application; includeInIndex = 0; path = "Close Friend.app"; sourceTree = BUILT_PRODUCTS_DIR; };
		CEAC03A61F2BF63D00A4B37A /* AppDelegate.swift */ = {isa = PBXFileReference; lastKnownFileType = sourcecode.swift; path = AppDelegate.swift; sourceTree = "<group>"; };
		CEAC03A81F2BF63D00A4B37A /* ImportedContactsVC.swift */ = {isa = PBXFileReference; lastKnownFileType = sourcecode.swift; path = ImportedContactsVC.swift; sourceTree = "<group>"; };
		CEAC03AD1F2BF63D00A4B37A /* Assets.xcassets */ = {isa = PBXFileReference; lastKnownFileType = folder.assetcatalog; path = Assets.xcassets; sourceTree = "<group>"; };
		CEAC03B01F2BF63D00A4B37A /* Base */ = {isa = PBXFileReference; lastKnownFileType = file.storyboard; name = Base; path = Base.lproj/LaunchScreen.storyboard; sourceTree = "<group>"; };
		CEAC03B21F2BF63D00A4B37A /* Info.plist */ = {isa = PBXFileReference; lastKnownFileType = text.plist.xml; path = Info.plist; sourceTree = "<group>"; };
		CEAC03B71F2BF63D00A4B37A /* Close FriendTests.xctest */ = {isa = PBXFileReference; explicitFileType = wrapper.cfbundle; includeInIndex = 0; path = "Close FriendTests.xctest"; sourceTree = BUILT_PRODUCTS_DIR; };
		CEAC03BB1F2BF63D00A4B37A /* Close_FriendTests.swift */ = {isa = PBXFileReference; lastKnownFileType = sourcecode.swift; path = Close_FriendTests.swift; sourceTree = "<group>"; };
		CEAC03BD1F2BF63D00A4B37A /* Info.plist */ = {isa = PBXFileReference; lastKnownFileType = text.plist.xml; path = Info.plist; sourceTree = "<group>"; };
		CEAC03C21F2BF63D00A4B37A /* Close FriendUITests.xctest */ = {isa = PBXFileReference; explicitFileType = wrapper.cfbundle; includeInIndex = 0; path = "Close FriendUITests.xctest"; sourceTree = BUILT_PRODUCTS_DIR; };
		CEAC03C61F2BF63D00A4B37A /* Close_FriendUITests.swift */ = {isa = PBXFileReference; lastKnownFileType = sourcecode.swift; path = Close_FriendUITests.swift; sourceTree = "<group>"; };
		CEAC03C81F2BF63D00A4B37A /* Info.plist */ = {isa = PBXFileReference; lastKnownFileType = text.plist.xml; path = Info.plist; sourceTree = "<group>"; };
		CEAD71EC1F337D1B00ED9DF7 /* CopyableUILabel.swift */ = {isa = PBXFileReference; fileEncoding = 4; lastKnownFileType = sourcecode.swift; path = CopyableUILabel.swift; sourceTree = "<group>"; };
		CEAD71EE1F34268A00ED9DF7 /* NotificationsVC.swift */ = {isa = PBXFileReference; fileEncoding = 4; lastKnownFileType = sourcecode.swift; path = NotificationsVC.swift; sourceTree = "<group>"; };
		CEB350B01F2C16750003B48D /* SettingsVC.swift */ = {isa = PBXFileReference; fileEncoding = 4; lastKnownFileType = sourcecode.swift; path = SettingsVC.swift; sourceTree = "<group>"; };
		CEE509661F5503980027F0CD /* UIImage+resize.swift */ = {isa = PBXFileReference; fileEncoding = 4; lastKnownFileType = sourcecode.swift; path = "UIImage+resize.swift"; sourceTree = "<group>"; };
		CEE509681F55C5800027F0CD /* SearchFiltered.swift */ = {isa = PBXFileReference; fileEncoding = 4; lastKnownFileType = sourcecode.swift; path = SearchFiltered.swift; sourceTree = "<group>"; };
/* End PBXFileReference section */

/* Begin PBXFrameworksBuildPhase section */
		CEAC03A01F2BF63D00A4B37A /* Frameworks */ = {
			isa = PBXFrameworksBuildPhase;
			buildActionMask = 2147483647;
			files = (
				B37575F15A8FCCA7E1B165F2 /* Pods_Close_Friend.framework in Frameworks */,
			);
			runOnlyForDeploymentPostprocessing = 0;
		};
		CEAC03B41F2BF63D00A4B37A /* Frameworks */ = {
			isa = PBXFrameworksBuildPhase;
			buildActionMask = 2147483647;
			files = (
				0DA1348D000ECE5CE9068B7A /* Pods_Close_FriendTests.framework in Frameworks */,
			);
			runOnlyForDeploymentPostprocessing = 0;
		};
		CEAC03BF1F2BF63D00A4B37A /* Frameworks */ = {
			isa = PBXFrameworksBuildPhase;
			buildActionMask = 2147483647;
			files = (
				03DE67F0385E2C7AACFFE749 /* Pods_Close_FriendUITests.framework in Frameworks */,
			);
			runOnlyForDeploymentPostprocessing = 0;
		};
/* End PBXFrameworksBuildPhase section */

/* Begin PBXGroup section */
		CE3851B31F3A4A97002DD474 /* Notification Cell */ = {
			isa = PBXGroup;
			children = (
				CE3851AF1F3A4A77002DD474 /* NotificationCell.swift */,
				CE3851B01F3A4A77002DD474 /* NotificationCell.xib */,
			);
			name = "Notification Cell";
			sourceTree = "<group>";
		};
		CE3851BB1F3E902B002DD474 /* NewContact Cell */ = {
			isa = PBXGroup;
			children = (
				CE3851B71F3E901F002DD474 /* ContactViewCell.swift */,
				CE3851B81F3E901F002DD474 /* ContactViewCell.xib */,
			);
			name = "NewContact Cell";
			sourceTree = "<group>";
		};
		CEAC039A1F2BF63D00A4B37A = {
			isa = PBXGroup;
			children = (
				CEAC03A51F2BF63D00A4B37A /* Close Friend */,
				CEAC03BA1F2BF63D00A4B37A /* Close FriendTests */,
				CEAC03C51F2BF63D00A4B37A /* Close FriendUITests */,
				CEAC03A41F2BF63D00A4B37A /* Products */,
				EA208AEB2A96F030F16799CB /* Pods */,
				F93F7ADEA14458BE2DF57682 /* Frameworks */,
			);
			sourceTree = "<group>";
		};
		CEAC03A41F2BF63D00A4B37A /* Products */ = {
			isa = PBXGroup;
			children = (
				CEAC03A31F2BF63D00A4B37A /* Close Friend.app */,
				CEAC03B71F2BF63D00A4B37A /* Close FriendTests.xctest */,
				CEAC03C21F2BF63D00A4B37A /* Close FriendUITests.xctest */,
			);
			name = Products;
			sourceTree = "<group>";
		};
		CEAC03A51F2BF63D00A4B37A /* Close Friend */ = {
			isa = PBXGroup;
			children = (
				CEAD71E81F32144F00ED9DF7 /* View */,
				CEAD71EA1F3214AF00ED9DF7 /* Controller */,
				CEAD71EB1F3214BF00ED9DF7 /* Model */,
				CEAC03A61F2BF63D00A4B37A /* AppDelegate.swift */,
				CEAD71EC1F337D1B00ED9DF7 /* CopyableUILabel.swift */,
				CEAC03B21F2BF63D00A4B37A /* Info.plist */,
				CEAC03AD1F2BF63D00A4B37A /* Assets.xcassets */,
			);
			path = "Close Friend";
			sourceTree = "<group>";
		};
		CEAC03BA1F2BF63D00A4B37A /* Close FriendTests */ = {
			isa = PBXGroup;
			children = (
				CEAC03BB1F2BF63D00A4B37A /* Close_FriendTests.swift */,
				CEAC03BD1F2BF63D00A4B37A /* Info.plist */,
			);
			path = "Close FriendTests";
			sourceTree = "<group>";
		};
		CEAC03C51F2BF63D00A4B37A /* Close FriendUITests */ = {
			isa = PBXGroup;
			children = (
				CEAC03C61F2BF63D00A4B37A /* Close_FriendUITests.swift */,
				CEAC03C81F2BF63D00A4B37A /* Info.plist */,
			);
			path = "Close FriendUITests";
			sourceTree = "<group>";
		};
		CEAD71E81F32144F00ED9DF7 /* View */ = {
			isa = PBXGroup;
			children = (
				CE3851BB1F3E902B002DD474 /* NewContact Cell */,
				CE32796C1F2F8C3600425D07 /* Main.storyboard */,
				CEAC03AF1F2BF63D00A4B37A /* LaunchScreen.storyboard */,
				CEE509661F5503980027F0CD /* UIImage+resize.swift */,
				CE3851B31F3A4A97002DD474 /* Notification Cell */,
			);
			name = View;
			sourceTree = "<group>";
		};
		CEAD71EA1F3214AF00ED9DF7 /* Controller */ = {
			isa = PBXGroup;
			children = (
				CEAC03A81F2BF63D00A4B37A /* ImportedContactsVC.swift */,
				CEB350B01F2C16750003B48D /* SettingsVC.swift */,
				CEAD71EE1F34268A00ED9DF7 /* NotificationsVC.swift */,
			);
			name = Controller;
			sourceTree = "<group>";
		};
		CEAD71EB1F3214BF00ED9DF7 /* Model */ = {
			isa = PBXGroup;
			children = (
				CE892F921F4666700095089D /* ContactNotification.swift */,
				CE3851BC1F3F9FF2002DD474 /* CloseFriends.xcdatamodeld */,
				CE892F8E1F4629760095089D /* Enums+Globals.swift */,
				CEE509681F55C5800027F0CD /* SearchFiltered.swift */,
			);
			name = Model;
			sourceTree = "<group>";
		};
		EA208AEB2A96F030F16799CB /* Pods */ = {
			isa = PBXGroup;
			children = (
				A96FBAD02A642ADF5126A78B /* Pods-Close Friend.debug.xcconfig */,
				78052292C473C8F7ACA2CF8B /* Pods-Close Friend.release.xcconfig */,
				15FB25592305739DD3E17755 /* Pods-Close FriendTests.debug.xcconfig */,
				83CA61AA4D0971ECBE07F108 /* Pods-Close FriendTests.release.xcconfig */,
				2227DC643BECF753ACC9F791 /* Pods-Close FriendUITests.debug.xcconfig */,
				5D30D4FED5FDC4C22246D504 /* Pods-Close FriendUITests.release.xcconfig */,
			);
			name = Pods;
			sourceTree = "<group>";
		};
		F93F7ADEA14458BE2DF57682 /* Frameworks */ = {
			isa = PBXGroup;
			children = (
				17727AE9FD958F6E34460A09 /* Pods_Close_Friend.framework */,
				197DF4BBF359BE080FF0566A /* Pods_Close_FriendTests.framework */,
				561B1A4B33BC776CAF237D21 /* Pods_Close_FriendUITests.framework */,
			);
			name = Frameworks;
			sourceTree = "<group>";
		};
/* End PBXGroup section */

/* Begin PBXNativeTarget section */
		CEAC03A21F2BF63D00A4B37A /* Close Friend */ = {
			isa = PBXNativeTarget;
			buildConfigurationList = CEAC03CB1F2BF63D00A4B37A /* Build configuration list for PBXNativeTarget "Close Friend" */;
			buildPhases = (
				5565CC5185B737ABB90862ED /* [CP] Check Pods Manifest.lock */,
				CEAC039F1F2BF63D00A4B37A /* Sources */,
				CEAC03A01F2BF63D00A4B37A /* Frameworks */,
				CEAC03A11F2BF63D00A4B37A /* Resources */,
				351FCB5D63D76BC2BD5C54DE /* [CP] Embed Pods Frameworks */,
				3773B113840FA718B30BA14E /* [CP] Copy Pods Resources */,
			);
			buildRules = (
			);
			dependencies = (
			);
			name = "Close Friend";
			productName = "Close Friend";
			productReference = CEAC03A31F2BF63D00A4B37A /* Close Friend.app */;
			productType = "com.apple.product-type.application";
		};
		CEAC03B61F2BF63D00A4B37A /* Close FriendTests */ = {
			isa = PBXNativeTarget;
			buildConfigurationList = CEAC03CE1F2BF63D00A4B37A /* Build configuration list for PBXNativeTarget "Close FriendTests" */;
			buildPhases = (
				E2D0335D0AA37745C7B93435 /* [CP] Check Pods Manifest.lock */,
				CEAC03B31F2BF63D00A4B37A /* Sources */,
				CEAC03B41F2BF63D00A4B37A /* Frameworks */,
				CEAC03B51F2BF63D00A4B37A /* Resources */,
				A54FA5B2E2D0752BD8445CF1 /* [CP] Embed Pods Frameworks */,
				A5DBBA20892D7B33414910C9 /* [CP] Copy Pods Resources */,
			);
			buildRules = (
			);
			dependencies = (
				CEAC03B91F2BF63D00A4B37A /* PBXTargetDependency */,
			);
			name = "Close FriendTests";
			productName = "Close FriendTests";
			productReference = CEAC03B71F2BF63D00A4B37A /* Close FriendTests.xctest */;
			productType = "com.apple.product-type.bundle.unit-test";
		};
		CEAC03C11F2BF63D00A4B37A /* Close FriendUITests */ = {
			isa = PBXNativeTarget;
			buildConfigurationList = CEAC03D11F2BF63D00A4B37A /* Build configuration list for PBXNativeTarget "Close FriendUITests" */;
			buildPhases = (
				DC1BD3835A0836D98772BC1C /* [CP] Check Pods Manifest.lock */,
				CEAC03BE1F2BF63D00A4B37A /* Sources */,
				CEAC03BF1F2BF63D00A4B37A /* Frameworks */,
				CEAC03C01F2BF63D00A4B37A /* Resources */,
				E56425BAC11C51180303E6F5 /* [CP] Embed Pods Frameworks */,
				78A5B9998C7D924E1DDF9EE1 /* [CP] Copy Pods Resources */,
			);
			buildRules = (
			);
			dependencies = (
				CEAC03C41F2BF63D00A4B37A /* PBXTargetDependency */,
			);
			name = "Close FriendUITests";
			productName = "Close FriendUITests";
			productReference = CEAC03C21F2BF63D00A4B37A /* Close FriendUITests.xctest */;
			productType = "com.apple.product-type.bundle.ui-testing";
		};
/* End PBXNativeTarget section */

/* Begin PBXProject section */
		CEAC039B1F2BF63D00A4B37A /* Project object */ = {
			isa = PBXProject;
			attributes = {
				LastSwiftUpdateCheck = 0830;
				LastUpgradeCheck = 0830;
				ORGANIZATIONNAME = YSH;
				TargetAttributes = {
					CEAC03A21F2BF63D00A4B37A = {
						CreatedOnToolsVersion = 8.3.3;
						DevelopmentTeam = EGLENF5Q49;
						ProvisioningStyle = Automatic;
						SystemCapabilities = {
							com.apple.Push = {
								enabled = 0;
							};
						};
					};
					CEAC03B61F2BF63D00A4B37A = {
						CreatedOnToolsVersion = 8.3.3;
						ProvisioningStyle = Automatic;
						TestTargetID = CEAC03A21F2BF63D00A4B37A;
					};
					CEAC03C11F2BF63D00A4B37A = {
						CreatedOnToolsVersion = 8.3.3;
						ProvisioningStyle = Automatic;
						TestTargetID = CEAC03A21F2BF63D00A4B37A;
					};
				};
			};
			buildConfigurationList = CEAC039E1F2BF63D00A4B37A /* Build configuration list for PBXProject "Close Friend" */;
			compatibilityVersion = "Xcode 3.2";
			developmentRegion = English;
			hasScannedForEncodings = 0;
			knownRegions = (
				en,
				Base,
			);
			mainGroup = CEAC039A1F2BF63D00A4B37A;
			productRefGroup = CEAC03A41F2BF63D00A4B37A /* Products */;
			projectDirPath = "";
			projectRoot = "";
			targets = (
				CEAC03A21F2BF63D00A4B37A /* Close Friend */,
				CEAC03B61F2BF63D00A4B37A /* Close FriendTests */,
				CEAC03C11F2BF63D00A4B37A /* Close FriendUITests */,
			);
		};
/* End PBXProject section */

/* Begin PBXResourcesBuildPhase section */
		CEAC03A11F2BF63D00A4B37A /* Resources */ = {
			isa = PBXResourcesBuildPhase;
			buildActionMask = 2147483647;
			files = (
				CEAC03B11F2BF63D00A4B37A /* LaunchScreen.storyboard in Resources */,
				CEAC03AE1F2BF63D00A4B37A /* Assets.xcassets in Resources */,
				CE3851B21F3A4A77002DD474 /* NotificationCell.xib in Resources */,
				CE32796E1F2F8C3600425D07 /* Main.storyboard in Resources */,
				CE3851BA1F3E901F002DD474 /* ContactViewCell.xib in Resources */,
			);
			runOnlyForDeploymentPostprocessing = 0;
		};
		CEAC03B51F2BF63D00A4B37A /* Resources */ = {
			isa = PBXResourcesBuildPhase;
			buildActionMask = 2147483647;
			files = (
			);
			runOnlyForDeploymentPostprocessing = 0;
		};
		CEAC03C01F2BF63D00A4B37A /* Resources */ = {
			isa = PBXResourcesBuildPhase;
			buildActionMask = 2147483647;
			files = (
			);
			runOnlyForDeploymentPostprocessing = 0;
		};
/* End PBXResourcesBuildPhase section */

/* Begin PBXShellScriptBuildPhase section */
		351FCB5D63D76BC2BD5C54DE /* [CP] Embed Pods Frameworks */ = {
			isa = PBXShellScriptBuildPhase;
			buildActionMask = 2147483647;
			files = (
			);
			inputPaths = (
			);
			name = "[CP] Embed Pods Frameworks";
			outputPaths = (
			);
			runOnlyForDeploymentPostprocessing = 0;
			shellPath = /bin/sh;
			shellScript = "\"${SRCROOT}/Pods/Target Support Files/Pods-Close Friend/Pods-Close Friend-frameworks.sh\"\n";
			showEnvVarsInLog = 0;
		};
		3773B113840FA718B30BA14E /* [CP] Copy Pods Resources */ = {
			isa = PBXShellScriptBuildPhase;
			buildActionMask = 2147483647;
			files = (
			);
			inputPaths = (
			);
			name = "[CP] Copy Pods Resources";
			outputPaths = (
			);
			runOnlyForDeploymentPostprocessing = 0;
			shellPath = /bin/sh;
			shellScript = "\"${SRCROOT}/Pods/Target Support Files/Pods-Close Friend/Pods-Close Friend-resources.sh\"\n";
			showEnvVarsInLog = 0;
		};
		5565CC5185B737ABB90862ED /* [CP] Check Pods Manifest.lock */ = {
			isa = PBXShellScriptBuildPhase;
			buildActionMask = 2147483647;
			files = (
			);
			inputPaths = (
			);
			name = "[CP] Check Pods Manifest.lock";
			outputPaths = (
			);
			runOnlyForDeploymentPostprocessing = 0;
			shellPath = /bin/sh;
			shellScript = "diff \"${PODS_PODFILE_DIR_PATH}/Podfile.lock\" \"${PODS_ROOT}/Manifest.lock\" > /dev/null\nif [ $? != 0 ] ; then\n    # print error to STDERR\n    echo \"error: The sandbox is not in sync with the Podfile.lock. Run 'pod install' or update your CocoaPods installation.\" >&2\n    exit 1\nfi\n";
			showEnvVarsInLog = 0;
		};
		78A5B9998C7D924E1DDF9EE1 /* [CP] Copy Pods Resources */ = {
			isa = PBXShellScriptBuildPhase;
			buildActionMask = 2147483647;
			files = (
			);
			inputPaths = (
			);
			name = "[CP] Copy Pods Resources";
			outputPaths = (
			);
			runOnlyForDeploymentPostprocessing = 0;
			shellPath = /bin/sh;
			shellScript = "\"${SRCROOT}/Pods/Target Support Files/Pods-Close FriendUITests/Pods-Close FriendUITests-resources.sh\"\n";
			showEnvVarsInLog = 0;
		};
		A54FA5B2E2D0752BD8445CF1 /* [CP] Embed Pods Frameworks */ = {
			isa = PBXShellScriptBuildPhase;
			buildActionMask = 2147483647;
			files = (
			);
			inputPaths = (
			);
			name = "[CP] Embed Pods Frameworks";
			outputPaths = (
			);
			runOnlyForDeploymentPostprocessing = 0;
			shellPath = /bin/sh;
			shellScript = "\"${SRCROOT}/Pods/Target Support Files/Pods-Close FriendTests/Pods-Close FriendTests-frameworks.sh\"\n";
			showEnvVarsInLog = 0;
		};
		A5DBBA20892D7B33414910C9 /* [CP] Copy Pods Resources */ = {
			isa = PBXShellScriptBuildPhase;
			buildActionMask = 2147483647;
			files = (
			);
			inputPaths = (
			);
			name = "[CP] Copy Pods Resources";
			outputPaths = (
			);
			runOnlyForDeploymentPostprocessing = 0;
			shellPath = /bin/sh;
			shellScript = "\"${SRCROOT}/Pods/Target Support Files/Pods-Close FriendTests/Pods-Close FriendTests-resources.sh\"\n";
			showEnvVarsInLog = 0;
		};
		DC1BD3835A0836D98772BC1C /* [CP] Check Pods Manifest.lock */ = {
			isa = PBXShellScriptBuildPhase;
			buildActionMask = 2147483647;
			files = (
			);
			inputPaths = (
			);
			name = "[CP] Check Pods Manifest.lock";
			outputPaths = (
			);
			runOnlyForDeploymentPostprocessing = 0;
			shellPath = /bin/sh;
			shellScript = "diff \"${PODS_PODFILE_DIR_PATH}/Podfile.lock\" \"${PODS_ROOT}/Manifest.lock\" > /dev/null\nif [ $? != 0 ] ; then\n    # print error to STDERR\n    echo \"error: The sandbox is not in sync with the Podfile.lock. Run 'pod install' or update your CocoaPods installation.\" >&2\n    exit 1\nfi\n";
			showEnvVarsInLog = 0;
		};
		E2D0335D0AA37745C7B93435 /* [CP] Check Pods Manifest.lock */ = {
			isa = PBXShellScriptBuildPhase;
			buildActionMask = 2147483647;
			files = (
			);
			inputPaths = (
			);
			name = "[CP] Check Pods Manifest.lock";
			outputPaths = (
			);
			runOnlyForDeploymentPostprocessing = 0;
			shellPath = /bin/sh;
			shellScript = "diff \"${PODS_PODFILE_DIR_PATH}/Podfile.lock\" \"${PODS_ROOT}/Manifest.lock\" > /dev/null\nif [ $? != 0 ] ; then\n    # print error to STDERR\n    echo \"error: The sandbox is not in sync with the Podfile.lock. Run 'pod install' or update your CocoaPods installation.\" >&2\n    exit 1\nfi\n";
			showEnvVarsInLog = 0;
		};
		E56425BAC11C51180303E6F5 /* [CP] Embed Pods Frameworks */ = {
			isa = PBXShellScriptBuildPhase;
			buildActionMask = 2147483647;
			files = (
			);
			inputPaths = (
			);
			name = "[CP] Embed Pods Frameworks";
			outputPaths = (
			);
			runOnlyForDeploymentPostprocessing = 0;
			shellPath = /bin/sh;
			shellScript = "\"${SRCROOT}/Pods/Target Support Files/Pods-Close FriendUITests/Pods-Close FriendUITests-frameworks.sh\"\n";
			showEnvVarsInLog = 0;
		};
/* End PBXShellScriptBuildPhase section */

/* Begin PBXSourcesBuildPhase section */
		CEAC039F1F2BF63D00A4B37A /* Sources */ = {
			isa = PBXSourcesBuildPhase;
			buildActionMask = 2147483647;
			files = (
				CEAC03A91F2BF63D00A4B37A /* ImportedContactsVC.swift in Sources */,
				CE3851BE1F3F9FF2002DD474 /* CloseFriends.xcdatamodeld in Sources */,
				CEAC03A71F2BF63D00A4B37A /* AppDelegate.swift in Sources */,
				CE892F8F1F4629760095089D /* Enums+Globals.swift in Sources */,
				CEE509691F55C5800027F0CD /* SearchFiltered.swift in Sources */,
				CEAD71EF1F34268A00ED9DF7 /* NotificationsVC.swift in Sources */,
				CEB350B11F2C16750003B48D /* SettingsVC.swift in Sources */,
				CE3851B91F3E901F002DD474 /* ContactViewCell.swift in Sources */,
				CE892F931F4666700095089D /* ContactNotification.swift in Sources */,
				CEAD71ED1F337D1B00ED9DF7 /* CopyableUILabel.swift in Sources */,
				CEE509671F5503980027F0CD /* UIImage+resize.swift in Sources */,
				CE3851B11F3A4A77002DD474 /* NotificationCell.swift in Sources */,
			);
			runOnlyForDeploymentPostprocessing = 0;
		};
		CEAC03B31F2BF63D00A4B37A /* Sources */ = {
			isa = PBXSourcesBuildPhase;
			buildActionMask = 2147483647;
			files = (
				CEAC03BC1F2BF63D00A4B37A /* Close_FriendTests.swift in Sources */,
			);
			runOnlyForDeploymentPostprocessing = 0;
		};
		CEAC03BE1F2BF63D00A4B37A /* Sources */ = {
			isa = PBXSourcesBuildPhase;
			buildActionMask = 2147483647;
			files = (
				CEAC03C71F2BF63D00A4B37A /* Close_FriendUITests.swift in Sources */,
			);
			runOnlyForDeploymentPostprocessing = 0;
		};
/* End PBXSourcesBuildPhase section */

/* Begin PBXTargetDependency section */
		CEAC03B91F2BF63D00A4B37A /* PBXTargetDependency */ = {
			isa = PBXTargetDependency;
			target = CEAC03A21F2BF63D00A4B37A /* Close Friend */;
			targetProxy = CEAC03B81F2BF63D00A4B37A /* PBXContainerItemProxy */;
		};
		CEAC03C41F2BF63D00A4B37A /* PBXTargetDependency */ = {
			isa = PBXTargetDependency;
			target = CEAC03A21F2BF63D00A4B37A /* Close Friend */;
			targetProxy = CEAC03C31F2BF63D00A4B37A /* PBXContainerItemProxy */;
		};
/* End PBXTargetDependency section */

/* Begin PBXVariantGroup section */
		CE32796C1F2F8C3600425D07 /* Main.storyboard */ = {
			isa = PBXVariantGroup;
			children = (
				CE32796D1F2F8C3600425D07 /* Base */,
			);
			name = Main.storyboard;
			sourceTree = "<group>";
		};
		CEAC03AF1F2BF63D00A4B37A /* LaunchScreen.storyboard */ = {
			isa = PBXVariantGroup;
			children = (
				CEAC03B01F2BF63D00A4B37A /* Base */,
			);
			name = LaunchScreen.storyboard;
			sourceTree = "<group>";
		};
/* End PBXVariantGroup section */

/* Begin XCBuildConfiguration section */
		CEAC03C91F2BF63D00A4B37A /* Debug */ = {
			isa = XCBuildConfiguration;
			buildSettings = {
				ALWAYS_SEARCH_USER_PATHS = NO;
				CLANG_ANALYZER_NONNULL = YES;
				CLANG_ANALYZER_NUMBER_OBJECT_CONVERSION = YES_AGGRESSIVE;
				CLANG_CXX_LANGUAGE_STANDARD = "gnu++0x";
				CLANG_CXX_LIBRARY = "libc++";
				CLANG_ENABLE_MODULES = YES;
				CLANG_ENABLE_OBJC_ARC = YES;
				CLANG_WARN_BOOL_CONVERSION = YES;
				CLANG_WARN_CONSTANT_CONVERSION = YES;
				CLANG_WARN_DIRECT_OBJC_ISA_USAGE = YES_ERROR;
				CLANG_WARN_DOCUMENTATION_COMMENTS = YES;
				CLANG_WARN_EMPTY_BODY = YES;
				CLANG_WARN_ENUM_CONVERSION = YES;
				CLANG_WARN_INFINITE_RECURSION = YES;
				CLANG_WARN_INT_CONVERSION = YES;
				CLANG_WARN_OBJC_ROOT_CLASS = YES_ERROR;
				CLANG_WARN_SUSPICIOUS_MOVE = YES;
				CLANG_WARN_UNREACHABLE_CODE = YES;
				CLANG_WARN__DUPLICATE_METHOD_MATCH = YES;
				"CODE_SIGN_IDENTITY[sdk=iphoneos*]" = "iPhone Developer";
				COPY_PHASE_STRIP = NO;
				DEBUG_INFORMATION_FORMAT = dwarf;
				ENABLE_STRICT_OBJC_MSGSEND = YES;
				ENABLE_TESTABILITY = YES;
				GCC_C_LANGUAGE_STANDARD = gnu99;
				GCC_DYNAMIC_NO_PIC = NO;
				GCC_NO_COMMON_BLOCKS = YES;
				GCC_OPTIMIZATION_LEVEL = 0;
				GCC_PREPROCESSOR_DEFINITIONS = (
					"DEBUG=1",
					"$(inherited)",
				);
				GCC_WARN_64_TO_32_BIT_CONVERSION = YES;
				GCC_WARN_ABOUT_RETURN_TYPE = YES_ERROR;
				GCC_WARN_UNDECLARED_SELECTOR = YES;
				GCC_WARN_UNINITIALIZED_AUTOS = YES_AGGRESSIVE;
				GCC_WARN_UNUSED_FUNCTION = YES;
				GCC_WARN_UNUSED_VARIABLE = YES;
				IPHONEOS_DEPLOYMENT_TARGET = 10.3;
				MTL_ENABLE_DEBUG_INFO = YES;
				ONLY_ACTIVE_ARCH = YES;
				SDKROOT = iphoneos;
				SWIFT_ACTIVE_COMPILATION_CONDITIONS = DEBUG;
				SWIFT_OPTIMIZATION_LEVEL = "-Onone";
			};
			name = Debug;
		};
		CEAC03CA1F2BF63D00A4B37A /* Release */ = {
			isa = XCBuildConfiguration;
			buildSettings = {
				ALWAYS_SEARCH_USER_PATHS = NO;
				CLANG_ANALYZER_NONNULL = YES;
				CLANG_ANALYZER_NUMBER_OBJECT_CONVERSION = YES_AGGRESSIVE;
				CLANG_CXX_LANGUAGE_STANDARD = "gnu++0x";
				CLANG_CXX_LIBRARY = "libc++";
				CLANG_ENABLE_MODULES = YES;
				CLANG_ENABLE_OBJC_ARC = YES;
				CLANG_WARN_BOOL_CONVERSION = YES;
				CLANG_WARN_CONSTANT_CONVERSION = YES;
				CLANG_WARN_DIRECT_OBJC_ISA_USAGE = YES_ERROR;
				CLANG_WARN_DOCUMENTATION_COMMENTS = YES;
				CLANG_WARN_EMPTY_BODY = YES;
				CLANG_WARN_ENUM_CONVERSION = YES;
				CLANG_WARN_INFINITE_RECURSION = YES;
				CLANG_WARN_INT_CONVERSION = YES;
				CLANG_WARN_OBJC_ROOT_CLASS = YES_ERROR;
				CLANG_WARN_SUSPICIOUS_MOVE = YES;
				CLANG_WARN_UNREACHABLE_CODE = YES;
				CLANG_WARN__DUPLICATE_METHOD_MATCH = YES;
				"CODE_SIGN_IDENTITY[sdk=iphoneos*]" = "iPhone Developer";
				COPY_PHASE_STRIP = NO;
				DEBUG_INFORMATION_FORMAT = "dwarf-with-dsym";
				ENABLE_NS_ASSERTIONS = NO;
				ENABLE_STRICT_OBJC_MSGSEND = YES;
				GCC_C_LANGUAGE_STANDARD = gnu99;
				GCC_NO_COMMON_BLOCKS = YES;
				GCC_WARN_64_TO_32_BIT_CONVERSION = YES;
				GCC_WARN_ABOUT_RETURN_TYPE = YES_ERROR;
				GCC_WARN_UNDECLARED_SELECTOR = YES;
				GCC_WARN_UNINITIALIZED_AUTOS = YES_AGGRESSIVE;
				GCC_WARN_UNUSED_FUNCTION = YES;
				GCC_WARN_UNUSED_VARIABLE = YES;
				IPHONEOS_DEPLOYMENT_TARGET = 10.3;
				MTL_ENABLE_DEBUG_INFO = NO;
				SDKROOT = iphoneos;
				SWIFT_OPTIMIZATION_LEVEL = "-Owholemodule";
				VALIDATE_PRODUCT = YES;
			};
			name = Release;
		};
		CEAC03CC1F2BF63D00A4B37A /* Debug */ = {
			isa = XCBuildConfiguration;
			baseConfigurationReference = A96FBAD02A642ADF5126A78B /* Pods-Close Friend.debug.xcconfig */;
			buildSettings = {
				ASSETCATALOG_COMPILER_APPICON_NAME = AppIcon;
				DEVELOPMENT_TEAM = EGLENF5Q49;
				INFOPLIST_FILE = "Close Friend/Info.plist";
				LD_RUNPATH_SEARCH_PATHS = "$(inherited) @executable_path/Frameworks";
				PRODUCT_BUNDLE_IDENTIFIER = "com.ysh.Close-Friend";
				PRODUCT_NAME = "$(TARGET_NAME)";
				SWIFT_VERSION = 3.0;
			};
			name = Debug;
		};
		CEAC03CD1F2BF63D00A4B37A /* Release */ = {
			isa = XCBuildConfiguration;
			baseConfigurationReference = 78052292C473C8F7ACA2CF8B /* Pods-Close Friend.release.xcconfig */;
			buildSettings = {
				ASSETCATALOG_COMPILER_APPICON_NAME = AppIcon;
				DEVELOPMENT_TEAM = EGLENF5Q49;
				INFOPLIST_FILE = "Close Friend/Info.plist";
				LD_RUNPATH_SEARCH_PATHS = "$(inherited) @executable_path/Frameworks";
				PRODUCT_BUNDLE_IDENTIFIER = "com.ysh.Close-Friend";
				PRODUCT_NAME = "$(TARGET_NAME)";
				SWIFT_VERSION = 3.0;
			};
			name = Release;
		};
		CEAC03CF1F2BF63D00A4B37A /* Debug */ = {
			isa = XCBuildConfiguration;
			baseConfigurationReference = 15FB25592305739DD3E17755 /* Pods-Close FriendTests.debug.xcconfig */;
			buildSettings = {
				ALWAYS_EMBED_SWIFT_STANDARD_LIBRARIES = YES;
				BUNDLE_LOADER = "$(TEST_HOST)";
				INFOPLIST_FILE = "Close FriendTests/Info.plist";
				LD_RUNPATH_SEARCH_PATHS = "$(inherited) @executable_path/Frameworks @loader_path/Frameworks";
				PRODUCT_BUNDLE_IDENTIFIER = "com.ysh.Close-FriendTests";
				PRODUCT_NAME = "$(TARGET_NAME)";
				SWIFT_VERSION = 3.0;
				TEST_HOST = "$(BUILT_PRODUCTS_DIR)/Close Friend.app/Close Friend";
			};
			name = Debug;
		};
		CEAC03D01F2BF63D00A4B37A /* Release */ = {
			isa = XCBuildConfiguration;
			baseConfigurationReference = 83CA61AA4D0971ECBE07F108 /* Pods-Close FriendTests.release.xcconfig */;
			buildSettings = {
				ALWAYS_EMBED_SWIFT_STANDARD_LIBRARIES = YES;
				BUNDLE_LOADER = "$(TEST_HOST)";
				INFOPLIST_FILE = "Close FriendTests/Info.plist";
				LD_RUNPATH_SEARCH_PATHS = "$(inherited) @executable_path/Frameworks @loader_path/Frameworks";
				PRODUCT_BUNDLE_IDENTIFIER = "com.ysh.Close-FriendTests";
				PRODUCT_NAME = "$(TARGET_NAME)";
				SWIFT_VERSION = 3.0;
				TEST_HOST = "$(BUILT_PRODUCTS_DIR)/Close Friend.app/Close Friend";
			};
			name = Release;
		};
		CEAC03D21F2BF63D00A4B37A /* Debug */ = {
			isa = XCBuildConfiguration;
			baseConfigurationReference = 2227DC643BECF753ACC9F791 /* Pods-Close FriendUITests.debug.xcconfig */;
			buildSettings = {
				ALWAYS_EMBED_SWIFT_STANDARD_LIBRARIES = YES;
				INFOPLIST_FILE = "Close FriendUITests/Info.plist";
				LD_RUNPATH_SEARCH_PATHS = "$(inherited) @executable_path/Frameworks @loader_path/Frameworks";
				PRODUCT_BUNDLE_IDENTIFIER = "com.ysh.Close-FriendUITests";
				PRODUCT_NAME = "$(TARGET_NAME)";
				SWIFT_VERSION = 3.0;
				TEST_TARGET_NAME = "Close Friend";
			};
			name = Debug;
		};
		CEAC03D31F2BF63D00A4B37A /* Release */ = {
			isa = XCBuildConfiguration;
			baseConfigurationReference = 5D30D4FED5FDC4C22246D504 /* Pods-Close FriendUITests.release.xcconfig */;
			buildSettings = {
				ALWAYS_EMBED_SWIFT_STANDARD_LIBRARIES = YES;
				INFOPLIST_FILE = "Close FriendUITests/Info.plist";
				LD_RUNPATH_SEARCH_PATHS = "$(inherited) @executable_path/Frameworks @loader_path/Frameworks";
				PRODUCT_BUNDLE_IDENTIFIER = "com.ysh.Close-FriendUITests";
				PRODUCT_NAME = "$(TARGET_NAME)";
				SWIFT_VERSION = 3.0;
				TEST_TARGET_NAME = "Close Friend";
			};
			name = Release;
		};
/* End XCBuildConfiguration section */

/* Begin XCConfigurationList section */
		CEAC039E1F2BF63D00A4B37A /* Build configuration list for PBXProject "Close Friend" */ = {
			isa = XCConfigurationList;
			buildConfigurations = (
				CEAC03C91F2BF63D00A4B37A /* Debug */,
				CEAC03CA1F2BF63D00A4B37A /* Release */,
			);
			defaultConfigurationIsVisible = 0;
			defaultConfigurationName = Release;
		};
		CEAC03CB1F2BF63D00A4B37A /* Build configuration list for PBXNativeTarget "Close Friend" */ = {
			isa = XCConfigurationList;
			buildConfigurations = (
				CEAC03CC1F2BF63D00A4B37A /* Debug */,
				CEAC03CD1F2BF63D00A4B37A /* Release */,
			);
			defaultConfigurationIsVisible = 0;
			defaultConfigurationName = Release;
		};
		CEAC03CE1F2BF63D00A4B37A /* Build configuration list for PBXNativeTarget "Close FriendTests" */ = {
			isa = XCConfigurationList;
			buildConfigurations = (
				CEAC03CF1F2BF63D00A4B37A /* Debug */,
				CEAC03D01F2BF63D00A4B37A /* Release */,
			);
			defaultConfigurationIsVisible = 0;
			defaultConfigurationName = Release;
		};
		CEAC03D11F2BF63D00A4B37A /* Build configuration list for PBXNativeTarget "Close FriendUITests" */ = {
			isa = XCConfigurationList;
			buildConfigurations = (
				CEAC03D21F2BF63D00A4B37A /* Debug */,
				CEAC03D31F2BF63D00A4B37A /* Release */,
			);
			defaultConfigurationIsVisible = 0;
			defaultConfigurationName = Release;
		};
/* End XCConfigurationList section */

/* Begin XCVersionGroup section */
		CE3851BC1F3F9FF2002DD474 /* CloseFriends.xcdatamodeld */ = {
			isa = XCVersionGroup;
			children = (
				CE3851BD1F3F9FF2002DD474 /* CloseFriends.xcdatamodel */,
			);
			currentVersion = CE3851BD1F3F9FF2002DD474 /* CloseFriends.xcdatamodel */;
			path = CloseFriends.xcdatamodeld;
			sourceTree = "<group>";
			versionGroupType = wrapper.xcdatamodel;
		};
/* End XCVersionGroup section */
	};
	rootObject = CEAC039B1F2BF63D00A4B37A /* Project object */;
}
